
Microsoft Visual Studio Solution File, Format Version 12.00
# Visual Studio 2013
VisualStudioVersion = 12.0.21005.1
MinimumVisualStudioVersion = 10.0.40219.1
Project("{FAE04EC0-301F-11D3-BF4B-00C04F79EFBC}") = "Webshop", "Webshop\Webshop.csproj", "{B9DCDF18-119C-473C-A384-051EF81E3CEF}"
EndProject
Project("{FAE04EC0-301F-11D3-BF4B-00C04F79EFBC}") = "Webshop.Tests", "Webshop.Tests\Webshop.Tests.csproj", "{C0AC5C0C-4BC8-4952-9709-9AF55294DE0F}"
EndProject
Global
	GlobalSection(SolutionConfigurationPlatforms) = preSolution
		Debug|Any CPU = Debug|Any CPU
		Release|Any CPU = Release|Any CPU
	EndGlobalSection
	GlobalSection(ProjectConfigurationPlatforms) = postSolution
		{B9DCDF18-119C-473C-A384-051EF81E3CEF}.Debug|Any CPU.ActiveCfg = Debug|Any CPU
		{B9DCDF18-119C-473C-A384-051EF81E3CEF}.Debug|Any CPU.Build.0 = Debug|Any CPU
		{B9DCDF18-119C-473C-A384-051EF81E3CEF}.Release|Any CPU.ActiveCfg = Release|Any CPU
		{B9DCDF18-119C-473C-A384-051EF81E3CEF}.Release|Any CPU.Build.0 = Release|Any CPU
		{C0AC5C0C-4BC8-4952-9709-9AF55294DE0F}.Debug|Any CPU.ActiveCfg = Debug|Any CPU
		{C0AC5C0C-4BC8-4952-9709-9AF55294DE0F}.Debug|Any CPU.Build.0 = Debug|Any CPU
		{C0AC5C0C-4BC8-4952-9709-9AF55294DE0F}.Release|Any CPU.ActiveCfg = Release|Any CPU
		{C0AC5C0C-4BC8-4952-9709-9AF55294DE0F}.Release|Any CPU.Build.0 = Release|Any CPU
	EndGlobalSection
	GlobalSection(SolutionProperties) = preSolution
		HideSolutionNode = FALSE
	EndGlobalSection
EndGlobal
